
Microsoft Visual Studio Solution File, Format Version 12.00
# Visual Studio 15
VisualStudioVersion = 15.0.27130.2026
MinimumVisualStudioVersion = 10.0.40219.1
Project("{8BC9CEB8-8B4A-11D0-8D11-00A0C91BC942}") = "valib_dx11", "valib_dx11\valib_dx11.vcxproj", "{136CC7D0-0D05-4EE0-AD05-C5937E21E817}"
EndProject
Project("{888888A0-9F3D-457C-B088-3A5042F75D52}") = "test_valib_dx11", "test_valib_dx11\test_valib_dx11.pyproj", "{F485EB56-57C1-401D-A29A-5987C0AA31B8}"
EndProject
Global
	GlobalSection(SolutionConfigurationPlatforms) = preSolution
		Debug|Any CPU = Debug|Any CPU
		Debug|x64 = Debug|x64
		Debug|x86 = Debug|x86
		Release|Any CPU = Release|Any CPU
		Release|x64 = Release|x64
		Release|x86 = Release|x86
	EndGlobalSection
	GlobalSection(ProjectConfigurationPlatforms) = postSolution
		{136CC7D0-0D05-4EE0-AD05-C5937E21E817}.Debug|Any CPU.ActiveCfg = Debug|Win32
		{136CC7D0-0D05-4EE0-AD05-C5937E21E817}.Debug|x64.ActiveCfg = Debug|x64
		{136CC7D0-0D05-4EE0-AD05-C5937E21E817}.Debug|x64.Build.0 = Debug|x64
		{136CC7D0-0D05-4EE0-AD05-C5937E21E817}.Debug|x86.ActiveCfg = Debug|Win32
		{136CC7D0-0D05-4EE0-AD05-C5937E21E817}.Debug|x86.Build.0 = Debug|Win32
		{136CC7D0-0D05-4EE0-AD05-C5937E21E817}.Release|Any CPU.ActiveCfg = Release|Win32
		{136CC7D0-0D05-4EE0-AD05-C5937E21E817}.Release|x64.ActiveCfg = Release|x64
		{136CC7D0-0D05-4EE0-AD05-C5937E21E817}.Release|x64.Build.0 = Release|x64
		{136CC7D0-0D05-4EE0-AD05-C5937E21E817}.Release|x86.ActiveCfg = Release|Win32
		{136CC7D0-0D05-4EE0-AD05-C5937E21E817}.Release|x86.Build.0 = Release|Win32
		{F485EB56-57C1-401D-A29A-5987C0AA31B8}.Debug|Any CPU.ActiveCfg = Debug|Any CPU
		{F485EB56-57C1-401D-A29A-5987C0AA31B8}.Debug|x64.ActiveCfg = Debug|Any CPU
		{F485EB56-57C1-401D-A29A-5987C0AA31B8}.Debug|x86.ActiveCfg = Debug|Any CPU
		{F485EB56-57C1-401D-A29A-5987C0AA31B8}.Release|Any CPU.ActiveCfg = Release|Any CPU
		{F485EB56-57C1-401D-A29A-5987C0AA31B8}.Release|x64.ActiveCfg = Release|Any CPU
		{F485EB56-57C1-401D-A29A-5987C0AA31B8}.Release|x86.ActiveCfg = Release|Any CPU
	EndGlobalSection
	GlobalSection(SolutionProperties) = preSolution
		HideSolutionNode = FALSE
	EndGlobalSection
	GlobalSection(ExtensibilityGlobals) = postSolution
		SolutionGuid = {DC33356E-00A0-4D71-A93A-BA0B2148C196}
	EndGlobalSection
EndGlobal
